{
    "_meta": {
        "hash": {
            "sha256": "6b3e3f06e12847ab1e90da783325438ee2eec5de621efa9b447c7c1567a6c6ba"
        },
        "pipfile-spec": 6,
        "requires": {
            "python_version": "3.7"
        },
        "sources": [
            {
                "name": "pypi",
                "url": "https://pypi.org/simple",
                "verify_ssl": true
            }
        ]
    },
    "default": {
        "asgi-redis": {
            "hashes": [
                "sha256:428457a5a948c32f0ced61b49750ccb4bcd132b75110d545e547d1c76d803d8e",
                "sha256:e77007c289ea99b1ab2d69cfb2ccf3eb7b949f1a0bbfa13ffe3c92e9df698ee6"
            ],
            "version": "==0.14.1"
        },
        "asgiref": {
            "hashes": [
                "sha256:8c0e920b9162a1b2d1999c828860aa3a031733a97d7b5b3eafe29d7649f884f3",
                "sha256:8c30206bb66d83d8f941c0a21661e21676fdb3f3994d85787da794f6aa78dcbd"
            ],
            "version": "==0.14.0"
        },
        "autobahn": {
            "hashes": [
                "sha256:6c9eb70a36ffbc831a1fe76e43f99f5fd26aebfa7c5af2d705c587c4ef20c8f0",
                "sha256:a1dcb4315a0914da56ec484659816de72dfad229be4ac19fa61bbc0111ada884"
            ],
            "version": "==0.16.0"
        },
        "channels": {
            "hashes": [
                "sha256:89591b5d3bc0c1884e6ba270257cae2a3091a3b22ad7c9f1a3b84b5cc1a7ca0e",
                "sha256:8c19a4501e01750672c7e1a5d2b97113045730c73221945af0cf94d4e89c74d5"
            ],
            "version": "==0.17.3"
        },
        "colorama": {
            "hashes": [
                "sha256:a4c0f5bc358a62849653471e309dcc991223cf86abafbec17cd8f41327279e89",
                "sha256:e043c8d32527607223652021ff648fbb394d5e19cba9f1a698670b338c9d782b",
                "sha256:f4945bf52ae49da0728fe730a33c18744803752fc948f154f29dc0c4f9f2f9cc"
            ],
            "version": "==0.3.7"
        },
        "contextlib2": {
            "hashes": [
                "sha256:399f659f2a8b5d5d529f132e1136fc404fbbc28e34e4618c5c92bd595be9b162",
                "sha256:710626cde569f51a87f216ff757fe60f5cd13ae8f8114706590510cd5649ce88"
            ],
            "version": "==0.5.4"
        },
        "daphne": {
            "hashes": [
                "sha256:4d240c184339f1ab2e90e41f460885b0e666c0bfea6a2a18071134deabf3bcd0",
                "sha256:5519cb55e081a26943deeaf3a437882fae6a81f2de453bb0bf47e86a638ca865"
            ],
            "version": "==0.14.3"
        },
        "dj-database-url": {
            "hashes": [
                "sha256:7f4c78d2a090df8dfaf56d5d3ff7bbee17360436e4879558317e2314424864cd"
            ],
            "version": "==0.4.1"
        },
        "django": {
            "hashes": [
                "sha256:3c5b070482df4f9e5750539dc1824d353729ee423fd410c579b8cd3dea5b0617",
                "sha256:cbd3944599086518cdcf3235e90230c8b8a9c5476b20447ee57b313dba14f67a"
            ],
            "version": "==1.11.2"
        },
        "django-idmap": {
            "hashes": [
                "sha256:0b067d0f101c97f35ed14c244a69bf4dfe1c138a99a55717ed345323c5af3163"
            ],
            "version": "==1.0.3"
        },
        "django-vanilla-views": {
            "hashes": [
                "sha256:12773d4482c065a58205a231841d9ff21f0ca61d4e7d87ca3238cfbeac02dc9e"
            ],
            "version": "==1.0.4"
        },
        "honcho": {
            "hashes": [
                "sha256:502887f3ee7897e9e3f22edb57c52cb69391006f54a81a93c0f366b19c084d09",
                "sha256:f9345eb2f860ed9da8bd89bc935a3212c4f434d5e3c418e1d0008531309e9407"
            ],
            "version": "==0.7.1"
        },
        "huey": {
            "hashes": [
                "sha256:88f642762351b9527b1af62540344d9ee1f41513b24e7bcce8c9518b19e0ee9a"
            ],
            "version": "==1.10.2"
        },
        "ipy": {
            "hashes": [
                "sha256:61da5a532b159b387176f6eabf11946e7458b6df8fb8b91ff1d345ca7a6edab8"
            ],
            "version": "==0.83"
        },
        "msgpack-python": {
            "hashes": [
                "sha256:1a2b19df0f03519ec7f19f826afb935b202d8979b0856c6fb3dc28955799f886",
                "sha256:1e68a277e4180baa7789be36f27f0891660205f6209f78a32282d3c422873d78",
                "sha256:58c9c1d7891a35bddc6ee5dbec10d347a7ae4983169c24fc5fc8a57ae792ca76",
                "sha256:637b012c9ea021de7a7a75d6ff5e82cfef6694babd7e14bb9a3adcb2a5bd52f0",
                "sha256:658c1cd5dcf7786e0e7a6d523cd0c5b33f92e139e224bd73cb3a23ada618d2dc",
                "sha256:7e1b12ea0134460052fabcfaa0f488ec0fc21deb14832d66236fd2870757d8f1",
                "sha256:8f36890251f20d96267618cf64735759d7ef7e91bc0b86b9480547d2d1397a68",
                "sha256:920bbbaee07ad048a4d2b4160901b19775c61ef9439f856c74509e763a326249",
                "sha256:95d70edd50e3d2f6ea1189f77190e4a0172626e7405ddd1689f3f64814447cba",
                "sha256:e165006f7e3d2612f1bffe2f6f042ca317d8df724d8b72a39b14c2e46c67eaae",
                "sha256:f52d9f96df952369fe4adcb0506e10c1c92d47f653f601a66da2a26a7e7141ea"
            ],
            "version": "==0.4.8"
        },
        "otree": {
            "hashes": [
                "sha256:bc8b6cfcc1d96252cb5e4822f10b15d3b88699b9de6cac812eb6fae767e61a75"
            ],
            "index": "pypi",
            "version": "==2.1.41"
        },
        "otree-boto2-shim": {
            "hashes": [
                "sha256:e83412b2ece02d80e34a36870e5753658299cdbf038d4c313607937120bbc977"
            ],
            "version": "==0.3.2"
        },
        "otree-core": {
            "hashes": [
                "sha256:949ae99c3739ea684b6428f0c90619c921e0b17ffc4e13160e811ccfdf09ee52"
            ],
            "version": "==0.0.0b1"
        },
        "otree-save-the-change": {
            "hashes": [
                "sha256:4a3ac01ffa256c14561c336d6b708b7936e0d12bf9558b43e023706d40255db1"
            ],
            "version": "==1.1.3"
        },
        "pbr": {
            "hashes": [
                "sha256:186428c270309e6fdfe2d5ab0949ab21ae5f7dea831eab96701b86bd666af39c",
                "sha256:f5cf7265a80636ecff66806d13494cbf9d77a3758a65fd8b4d4d4bee81b0c375"
            ],
            "version": "==1.10.0"
        },
        "py": {
            "hashes": [
                "sha256:4a3e4f3000c123835ac39cab5ccc510642153bc47bc1f13e2bbb53039540ae69",
                "sha256:a6501963c725fc2554dabfece8ae9a8fb5e149c0ac0a42fd2b02c5c1c57fc114"
            ],
            "version": "==1.4.31"
        },
        "pytest": {
            "hashes": [
                "sha256:12c18abb9a09a5b2802dba75c7a2d7d6c8c0f1258abd8243e7688415d87ad1d8",
                "sha256:ccc23b4aab3ef3e19e731de9baca73f3b1a7e610d9ec65b28c36a5a3305f0349"
            ],
            "version": "==2.9.2"
        },
        "pytest-django": {
            "hashes": [
                "sha256:5952283b0e6e0f9d8cb46803636e3940e1c77da8a529f03a8a4320f52d9bf560",
                "sha256:7898731205fa245926c800273dcffcd9b25e0b660a363ecb6cc2901ffe4aa1cc"
            ],
            "version": "==3.0.0"
        },
        "python-redis-lock": {
            "hashes": [
                "sha256:06f28f63bf4ea3d739ff5c472e76563e24aa5c887002a85cbdb7a5b13aa05897",
                "sha256:910ac3c429c2eee4f9f3d6733bc4c722e024e00b887379aefa52ae9376a759b4"
            ],
            "version": "==3.5.0"
        },
        "pytz": {
            "hashes": [
                "sha256:c41c62827ce9cafacd6f2f7018e4f83a6f1986e87bfd000b8cfbd4ab5da95f1a",
                "sha256:fae4cffc040921b8a2d60c6cf0b5d662c1190fe54d718271db4eb17d44a185b7"
            ],
            "version": "==2017.3"
        },
        "raven": {
            "hashes": [
                "sha256:3fd787d19ebb49919268f06f19310e8112d619ef364f7989246fc8753d469888",
                "sha256:95f44f3ea2c1b176d5450df4becdb96c15bf2632888f9ab193e9dd22300ce46a"
            ],
            "version": "==6.9.0"
        },
        "redis": {
            "hashes": [
                "sha256:5dfbae6acfc54edf0a7a415b99e0b21c0a3c27a7f787b292eea727b1facc5533",
                "sha256:97156b37d7cda4e7d8658be1148c983984e1a975090ba458cc7e244025191dbd"
            ],
            "version": "==2.10.5"
        },
        "requests": {
            "hashes": [
                "sha256:545c4855cd9d7c12671444326337013766f4eea6068c3f0307fb2dc2696d580e",
                "sha256:5acf980358283faba0b897c73959cecf8b841205bb4b2ad3ef545f46eae1a133"
            ],
            "version": "==2.11.1"
        },
        "schema": {
            "hashes": [
                "sha256:057eff1563eab2cff82e4aceac25712eacbc315ad30fa441418efced7752d5c7",
                "sha256:958f25b80a811072df7c660b0b09d822c5dd553c1a87e6aff1f47ca538153a2f"
            ],
            "version": "==0.6.2"
        },
        "six": {
            "hashes": [
                "sha256:0ff78c403d9bccf5a425a6d31a12aa6b47f1c21ca4dc2573a7e2f32a97335eb1",
                "sha256:105f8d68616f8248e24bf0e9372ef04d3cc10104f1980f54d57b2ce73a5ad56a"
            ],
            "version": "==1.10.0"
        },
        "termcolor": {
            "hashes": [
                "sha256:1d6d69ce66211143803fbc56652b41d73b4a400a2891d7bf7a1cdf4c02de613b"
            ],
            "version": "==1.1.0"
        },
        "twisted": {
            "hashes": [
                "sha256:a090e8dc675e97fb20c3bb5f8114ae94169f4e29fd3b3cbede35705fd3cdbd79",
                "sha256:a2bfc419b2d38c0b818fe9a233c372bf4703123200bbd9ae6a55e036295f2da0"
            ],
            "version": "==16.2.0"
        },
        "txaio": {
            "hashes": [
                "sha256:625076477182e2dde78b79d0b2b0d6b3cecb0e24fe0ea7eaf2abd26a4c0dd1de",
                "sha256:a916c98536b8fdfe01e3e8ee6a45d53b88e5c5878980887bdac63cf8aa9697dd"
            ],
            "version": "==2.5.1"
        },
        "unicodecsv": {
            "hashes": [
                "sha256:018c08037d48649a0412063ff4eda26eaa81eff1546dbffa51fa5293276ff7fc"
            ],
            "version": "==0.14.1"
        },
        "wheel": {
            "hashes": [
                "sha256:1ebb8ad7e26b448e9caa4773d2357849bf80ff9e313964bcaf79cbf0201a1648",
                "sha256:ea8033fc9905804e652f75474d33410a07404c1a78dd3c949a66863bd1050ebd"
            ],
            "version": "==0.29.0"
        },
        "whitenoise": {
            "hashes": [
                "sha256:51d48bd426d3cf64c1ec5082d1f0d5437649d8ae59114a495e7406faae4fcbd2",
                "sha256:a875382e670bdd5ab642b26d930463af4509a6de63b52402c23a7216dc382a99"
            ],
            "version": "==3.2.1"
        },
        "ws4py": {
            "hashes": [
                "sha256:2bcd93b8dbd268b420f3f7c25bb122e0afdda0ee3628eb2aa01d3e7f816109b7",
                "sha256:5825d3f66fe2ba7ac8e79dd568a8a9bba3e8324589a39b84de2b1f38cb026e6c",
                "sha256:c4cc4a872027f6a6006a6142a38eb6d65c2ece29a4cefac98dd20a48c34ec7a9",
                "sha256:d603cdeec44cca0d403136883c1e4fc7021e738cbd6373d63105e2416ee5953f"
            ],
            "version": "==0.3.5"
        },
        "xlsxwriter": {
            "hashes": [
                "sha256:19d2b5c0dd4d5fc00e8d7f164795f50e885b20d1cc27a3d04d5c7fec3c4d57f6",
                "sha256:59f50a2135afcf53804c46ae4f849ca9751963d729a330767834aee9ff9525e4"
            ],
            "version": "==0.9.3"
        },
        "zope.interface": {
            "hashes": [
                "sha256:044fc650c96442005e7c82fdc929abe0afebfca87e9b71af01175c0af22624c1",
                "sha256:16c606e6ba58060284ae8cc6929ffda0ababd438cbf010c6bddd66787b20a60f",
                "sha256:1908fd96731016658463d8dcffc76d2cac07246c4f48d4b1e162d99bd66ffc54",
                "sha256:231bf61303db85702fe2e4438d5639be5def5c6db29c8b72041d65a802661090",
                "sha256:36762743940a075283e1fb22a2ec9e8231871dace2aa00599511ddc4edf0f8f9",
                "sha256:5733402eb4a10ba77ad38612fbfaea01411c1abaa934c8748e8d49f347efc15a",
                "sha256:a1ccff8607b1daa42971af141fdd3ca497d4f76332d65229c37305285cd45937",
                "sha256:b6fafe813e0eb2fe927b92ed2b158c51858f5f8bf546b52f7986ec32cd531e04",
                "sha256:d54913b181a6dd0b583fda18b3aa09461edd90e55f810b465499d9a289ecb39f",
                "sha256:e6a70b897b92bda0144034d521cb36d040c2ec09acd4af74c75507f6c051151d",
                "sha256:e75c5ffbe6883db1d8d74f1634ea8e8edc7c0dee78d56ffc3c4de25fcfe28eac",
                "sha256:eb65c746e0c70c69752196695db6a79aceb6f42ecf1c61c41443849edd08d775"
            ],
            "version": "==4.2.0"
        }
    },
    "develop": {}
}
